
Microsoft Visual Studio Solution File, Format Version 12.00
# Visual Studio Version 16
VisualStudioVersion = 16.0.32106.194
MinimumVisualStudioVersion = 10.0.40219.1
Project("{FAE04EC0-301F-11D3-BF4B-00C04F79EFBC}") = "Stages", "Stages\Stages.csproj", "{CA4EE96C-A6CD-40DD-AB0D-77B76A899DB3}"
EndProject
Global
	GlobalSection(SolutionConfigurationPlatforms) = preSolution
		Debug|Any CPU = Debug|Any CPU
		Release|Any CPU = Release|Any CPU
	EndGlobalSection
	GlobalSection(ProjectConfigurationPlatforms) = postSolution
		{CA4EE96C-A6CD-40DD-AB0D-77B76A899DB3}.Debug|Any CPU.ActiveCfg = Debug|Any CPU
		{CA4EE96C-A6CD-40DD-AB0D-77B76A899DB3}.Debug|Any CPU.Build.0 = Debug|Any CPU
		{CA4EE96C-A6CD-40DD-AB0D-77B76A899DB3}.Release|Any CPU.ActiveCfg = Release|Any CPU
		{CA4EE96C-A6CD-40DD-AB0D-77B76A899DB3}.Release|Any CPU.Build.0 = Release|Any CPU
	EndGlobalSection
	GlobalSection(SolutionProperties) = preSolution
		HideSolutionNode = FALSE
	EndGlobalSection
	GlobalSection(ExtensibilityGlobals) = postSolution
		SolutionGuid = {DFA95B43-63AC-48DC-9ACB-973F236F7346}
	EndGlobalSection
EndGlobal
